
Microsoft Visual Studio Solution File, Format Version 12.00
# Visual Studio Version 17
VisualStudioVersion = 17.14.36301.6 d17.14
MinimumVisualStudioVersion = 10.0.40219.1
Project("{FAE04EC0-301F-11D3-BF4B-00C04F79EFBC}") = "class", "class.csproj", "{F03AA130-4CA6-4A41-BFE1-3D3243516E37}"
EndProject
Global
	GlobalSection(SolutionConfigurationPlatforms) = preSolution
		Debug|Any CPU = Debug|Any CPU
		Release|Any CPU = Release|Any CPU
	EndGlobalSection
	GlobalSection(ProjectConfigurationPlatforms) = postSolution
		{F03AA130-4CA6-4A41-BFE1-3D3243516E37}.Debug|Any CPU.ActiveCfg = Debug|Any CPU
		{F03AA130-4CA6-4A41-BFE1-3D3243516E37}.Debug|Any CPU.Build.0 = Debug|Any CPU
		{F03AA130-4CA6-4A41-BFE1-3D3243516E37}.Release|Any CPU.ActiveCfg = Release|Any CPU
		{F03AA130-4CA6-4A41-BFE1-3D3243516E37}.Release|Any CPU.Build.0 = Release|Any CPU
	EndGlobalSection
	GlobalSection(SolutionProperties) = preSolution
		HideSolutionNode = FALSE
	EndGlobalSection
	GlobalSection(ExtensibilityGlobals) = postSolution
		SolutionGuid = {60FB59D3-9F2C-4295-BD75-4B251A9E2A64}
	EndGlobalSection
EndGlobal
